
Microsoft Visual Studio Solution File, Format Version 12.00
# Visual Studio Version 17
VisualStudioVersion = 17.7.34221.43
MinimumVisualStudioVersion = 10.0.40219.1
Project("{8BC9CEB8-8B4A-11D0-8D11-00A0C91BC942}") = "CS300Project2", "CS300Project2.vcxproj", "{BF741BD1-E968-43E6-9E81-0FBDA22BD029}"
EndProject
Global
	GlobalSection(SolutionConfigurationPlatforms) = preSolution
		Debug|x64 = Debug|x64
		Debug|x86 = Debug|x86
		Release|x64 = Release|x64
		Release|x86 = Release|x86
	EndGlobalSection
	GlobalSection(ProjectConfigurationPlatforms) = postSolution
		{BF741BD1-E968-43E6-9E81-0FBDA22BD029}.Debug|x64.ActiveCfg = Debug|x64
		{BF741BD1-E968-43E6-9E81-0FBDA22BD029}.Debug|x64.Build.0 = Debug|x64
		{BF741BD1-E968-43E6-9E81-0FBDA22BD029}.Debug|x86.ActiveCfg = Debug|Win32
		{BF741BD1-E968-43E6-9E81-0FBDA22BD029}.Debug|x86.Build.0 = Debug|Win32
		{BF741BD1-E968-43E6-9E81-0FBDA22BD029}.Release|x64.ActiveCfg = Release|x64
		{BF741BD1-E968-43E6-9E81-0FBDA22BD029}.Release|x64.Build.0 = Release|x64
		{BF741BD1-E968-43E6-9E81-0FBDA22BD029}.Release|x86.ActiveCfg = Release|Win32
		{BF741BD1-E968-43E6-9E81-0FBDA22BD029}.Release|x86.Build.0 = Release|Win32
	EndGlobalSection
	GlobalSection(SolutionProperties) = preSolution
		HideSolutionNode = FALSE
	EndGlobalSection
	GlobalSection(ExtensibilityGlobals) = postSolution
		SolutionGuid = {EEE55282-7E72-414C-9D63-0E5D866D88CF}
	EndGlobalSection
EndGlobal
